PODS:
  - Alamofire (4.7.0)
  - Moya (11.0.1):
    - Moya/Core (= 11.0.1)
  - Moya/Core (11.0.1):
    - Alamofire (~> 4.1)
    - Result (~> 3.0)
  - PromiseKit (4.5.2):
    - PromiseKit/Foundation (= 4.5.2)
    - PromiseKit/QuartzCore (= 4.5.2)
    - PromiseKit/UIKit (= 4.5.2)
  - PromiseKit/CorePromise (4.5.2)
  - PromiseKit/Foundation (4.5.2):
    - PromiseKit/CorePromise
  - PromiseKit/QuartzCore (4.5.2):
    - PromiseKit/CorePromise
  - PromiseKit/UIKit (4.5.2):
    - PromiseKit/CorePromise
  - Result (3.2.4)
  - SwiftyJSON (4.0.0)

DEPENDENCIES:
  - Moya
  - PromiseKit (~> 4.4)
  - SwiftyJSON

SPEC CHECKSUMS:
  Alamofire: 907e0a98eb68cdb7f9d1f541a563d6ac5dc77b25
  Moya: 3d594ada51a21cc02b18739ab578a1984f900c8a
  PromiseKit: 743e497a5f505a470d3bbbf4ce0663c1268af0a4
  Result: d2d07204ce72856f1fd9130bbe42c35a7b0fea10
  SwiftyJSON: 070dabdcb1beb81b247c65ffa3a79dbbfb3b48aa

PODFILE CHECKSUM: 8b87c5963814a061336bb3ff632057058ab368d7

COCOAPODS: 1.4.0
