// !$*UTF8*$!
{
	archiveVersion = 1;
	classes = {
	};
	objectVersion = 48;
	objects = {

/* Begin PBXBuildFile section */
		633B0E74206CF4EF00070811 /* ResultViewController.swift in Sources */ = {isa = PBXBuildFile; fileRef = 633B0E73206CF4EF00070811 /* ResultViewController.swift */; };
		638775B8206A76A30082D5A5 /* AppDelegate.swift in Sources */ = {isa = PBXBuildFile; fileRef = 638775B7206A76A30082D5A5 /* AppDelegate.swift */; };
		638775BA206A76A30082D5A5 /* ViewController.swift in Sources */ = {isa = PBXBuildFile; fileRef = 638775B9206A76A30082D5A5 /* ViewController.swift */; };
		638775BD206A76A30082D5A5 /* Main.storyboard in Resources */ = {isa = PBXBuildFile; fileRef = 638775BB206A76A30082D5A5 /* Main.storyboard */; };
		638775BF206A76A30082D5A5 /* Assets.xcassets in Resources */ = {isa = PBXBuildFile; fileRef = 638775BE206A76A30082D5A5 /* Assets.xcassets */; };
		638775C2206A76A30082D5A5 /* LaunchScreen.storyboard in Resources */ = {isa = PBXBuildFile; fileRef = 638775C0206A76A30082D5A5 /* LaunchScreen.storyboard */; };
		638775CB206A78820082D5A5 /* CryptoCompareAPI.swift in Sources */ = {isa = PBXBuildFile; fileRef = 638775CA206A78820082D5A5 /* CryptoCompareAPI.swift */; };
		638775D3206A9D010082D5A5 /* API.swift in Sources */ = {isa = PBXBuildFile; fileRef = 638775D2206A9D010082D5A5 /* API.swift */; };
		D0B64B32C3CA1061005C3054 /* Pods_Cryptogret.framework in Frameworks */ = {isa = PBXBuildFile; fileRef = A5818BD2193410B5B8C3CCEB /* Pods_Cryptogret.framework */; };
/* End PBXBuildFile section */

/* Begin PBXFileReference section */
		29ADC58891299E6428B905C1 /* Pods-Cryptogret.release.xcconfig */ = {isa = PBXFileReference; includeInIndex = 1; lastKnownFileType = text.xcconfig; name = "Pods-Cryptogret.release.xcconfig"; path = "Pods/Target Support Files/Pods-Cryptogret/Pods-Cryptogret.release.xcconfig"; sourceTree = "<group>"; };
		31F1E36BF58BB80295AB2CED /* Pods-Cryptogret.debug.xcconfig */ = {isa = PBXFileReference; includeInIndex = 1; lastKnownFileType = text.xcconfig; name = "Pods-Cryptogret.debug.xcconfig"; path = "Pods/Target Support Files/Pods-Cryptogret/Pods-Cryptogret.debug.xcconfig"; sourceTree = "<group>"; };
		633B0E73206CF4EF00070811 /* ResultViewController.swift */ = {isa = PBXFileReference; lastKnownFileType = sourcecode.swift; path = ResultViewController.swift; sourceTree = "<group>"; };
		638775B4206A76A30082D5A5 /* Cryptogret.app */ = {isa = PBXFileReference; explicitFileType = wrapper.application; includeInIndex = 0; path = Cryptogret.app; sourceTree = BUILT_PRODUCTS_DIR; };
		638775B7206A76A30082D5A5 /* AppDelegate.swift */ = {isa = PBXFileReference; lastKnownFileType = sourcecode.swift; path = AppDelegate.swift; sourceTree = "<group>"; };
		638775B9206A76A30082D5A5 /* ViewController.swift */ = {isa = PBXFileReference; lastKnownFileType = sourcecode.swift; path = ViewController.swift; sourceTree = "<group>"; };
		638775BC206A76A30082D5A5 /* Base */ = {isa = PBXFileReference; lastKnownFileType = file.storyboard; name = Base; path = Base.lproj/Main.storyboard; sourceTree = "<group>"; };
		638775BE206A76A30082D5A5 /* Assets.xcassets */ = {isa = PBXFileReference; lastKnownFileType = folder.assetcatalog; path = Assets.xcassets; sourceTree = "<group>"; };
		638775C1206A76A30082D5A5 /* Base */ = {isa = PBXFileReference; lastKnownFileType = file.storyboard; name = Base; path = Base.lproj/LaunchScreen.storyboard; sourceTree = "<group>"; };
		638775C3206A76A30082D5A5 /* Info.plist */ = {isa = PBXFileReference; lastKnownFileType = text.plist.xml; path = Info.plist; sourceTree = "<group>"; };
		638775CA206A78820082D5A5 /* CryptoCompareAPI.swift */ = {isa = PBXFileReference; lastKnownFileType = sourcecode.swift; path = CryptoCompareAPI.swift; sourceTree = "<group>"; };
		638775D2206A9D010082D5A5 /* API.swift */ = {isa = PBXFileReference; lastKnownFileType = sourcecode.swift; path = API.swift; sourceTree = "<group>"; };
		A5818BD2193410B5B8C3CCEB /* Pods_Cryptogret.framework */ = {isa = PBXFileReference; explicitFileType = wrapper.framework; includeInIndex = 0; path = Pods_Cryptogret.framework; sourceTree = BUILT_PRODUCTS_DIR; };
/* End PBXFileReference section */

/* Begin PBXFrameworksBuildPhase section */
		638775B1206A76A30082D5A5 /* Frameworks */ = {
			isa = PBXFrameworksBuildPhase;
			buildActionMask = 2147483647;
			files = (
				D0B64B32C3CA1061005C3054 /* Pods_Cryptogret.framework in Frameworks */,
			);
			runOnlyForDeploymentPostprocessing = 0;
		};
/* End PBXFrameworksBuildPhase section */

/* Begin PBXGroup section */
		638775AB206A76A30082D5A5 = {
			isa = PBXGroup;
			children = (
				638775B6206A76A30082D5A5 /* Cryptogret */,
				638775B5206A76A30082D5A5 /* Products */,
				71F0E806C9E4CA318AF3CD60 /* Pods */,
				FED72B2ABF8155EF10F34D70 /* Frameworks */,
			);
			sourceTree = "<group>";
		};
		638775B5206A76A30082D5A5 /* Products */ = {
			isa = PBXGroup;
			children = (
				638775B4206A76A30082D5A5 /* Cryptogret.app */,
			);
			name = Products;
			sourceTree = "<group>";
		};
		638775B6206A76A30082D5A5 /* Cryptogret */ = {
			isa = PBXGroup;
			children = (
				638775C9206A77D60082D5A5 /* Network */,
				638775B7206A76A30082D5A5 /* AppDelegate.swift */,
				638775B9206A76A30082D5A5 /* ViewController.swift */,
				638775BB206A76A30082D5A5 /* Main.storyboard */,
				638775BE206A76A30082D5A5 /* Assets.xcassets */,
				638775C0206A76A30082D5A5 /* LaunchScreen.storyboard */,
				638775C3206A76A30082D5A5 /* Info.plist */,
				633B0E73206CF4EF00070811 /* ResultViewController.swift */,
			);
			path = Cryptogret;
			sourceTree = "<group>";
		};
		638775C9206A77D60082D5A5 /* Network */ = {
			isa = PBXGroup;
			children = (
				638775CA206A78820082D5A5 /* CryptoCompareAPI.swift */,
				638775D2206A9D010082D5A5 /* API.swift */,
			);
			path = Network;
			sourceTree = "<group>";
		};
		71F0E806C9E4CA318AF3CD60 /* Pods */ = {
			isa = PBXGroup;
			children = (
				31F1E36BF58BB80295AB2CED /* Pods-Cryptogret.debug.xcconfig */,
				29ADC58891299E6428B905C1 /* Pods-Cryptogret.release.xcconfig */,
			);
			name = Pods;
			sourceTree = "<group>";
		};
		FED72B2ABF8155EF10F34D70 /* Frameworks */ = {
			isa = PBXGroup;
			children = (
				A5818BD2193410B5B8C3CCEB /* Pods_Cryptogret.framework */,
			);
			name = Frameworks;
			sourceTree = "<group>";
		};
/* End PBXGroup section */

/* Begin PBXNativeTarget section */
		638775B3206A76A30082D5A5 /* Cryptogret */ = {
			isa = PBXNativeTarget;
			buildConfigurationList = 638775C6206A76A30082D5A5 /* Build configuration list for PBXNativeTarget "Cryptogret" */;
			buildPhases = (
				C74DEFF0184F8D282CA68D6E /* [CP] Check Pods Manifest.lock */,
				638775B0206A76A30082D5A5 /* Sources */,
				638775B1206A76A30082D5A5 /* Frameworks */,
				638775B2206A76A30082D5A5 /* Resources */,
				9240E191B8D42B05DB99E955 /* [CP] Embed Pods Frameworks */,
				6D9B2025C0EF14D35A066010 /* [CP] Copy Pods Resources */,
			);
			buildRules = (
			);
			dependencies = (
			);
			name = Cryptogret;
			productName = Cryptogret;
			productReference = 638775B4206A76A30082D5A5 /* Cryptogret.app */;
			productType = "com.apple.product-type.application";
		};
/* End PBXNativeTarget section */

/* Begin PBXProject section */
		638775AC206A76A30082D5A5 /* Project object */ = {
			isa = PBXProject;
			attributes = {
				LastSwiftUpdateCheck = 0920;
				LastUpgradeCheck = 0920;
				ORGANIZATIONNAME = "Mohamed Derkaoui";
				TargetAttributes = {
					638775B3206A76A30082D5A5 = {
						CreatedOnToolsVersion = 9.2;
						ProvisioningStyle = Automatic;
					};
				};
			};
			buildConfigurationList = 638775AF206A76A30082D5A5 /* Build configuration list for PBXProject "Cryptogret" */;
			compatibilityVersion = "Xcode 8.0";
			developmentRegion = en;
			hasScannedForEncodings = 0;
			knownRegions = (
				en,
				Base,
			);
			mainGroup = 638775AB206A76A30082D5A5;
			productRefGroup = 638775B5206A76A30082D5A5 /* Products */;
			projectDirPath = "";
			projectRoot = "";
			targets = (
				638775B3206A76A30082D5A5 /* Cryptogret */,
			);
		};
/* End PBXProject section */

/* Begin PBXResourcesBuildPhase section */
		638775B2206A76A30082D5A5 /* Resources */ = {
			isa = PBXResourcesBuildPhase;
			buildActionMask = 2147483647;
			files = (
				638775C2206A76A30082D5A5 /* LaunchScreen.storyboard in Resources */,
				638775BF206A76A30082D5A5 /* Assets.xcassets in Resources */,
				638775BD206A76A30082D5A5 /* Main.storyboard in Resources */,
			);
			runOnlyForDeploymentPostprocessing = 0;
		};
/* End PBXResourcesBuildPhase section */

/* Begin PBXShellScriptBuildPhase section */
		6D9B2025C0EF14D35A066010 /* [CP] Copy Pods Resources */ = {
			isa = PBXShellScriptBuildPhase;
			buildActionMask = 2147483647;
			files = (
			);
			inputPaths = (
			);
			name = "[CP] Copy Pods Resources";
			outputPaths = (
			);
			runOnlyForDeploymentPostprocessing = 0;
			shellPath = /bin/sh;
			shellScript = "\"${SRCROOT}/Pods/Target Support Files/Pods-Cryptogret/Pods-Cryptogret-resources.sh\"\n";
			showEnvVarsInLog = 0;
		};
		9240E191B8D42B05DB99E955 /* [CP] Embed Pods Frameworks */ = {
			isa = PBXShellScriptBuildPhase;
			buildActionMask = 2147483647;
			files = (
			);
			inputPaths = (
				"${SRCROOT}/Pods/Target Support Files/Pods-Cryptogret/Pods-Cryptogret-frameworks.sh",
				"${BUILT_PRODUCTS_DIR}/Alamofire/Alamofire.framework",
				"${BUILT_PRODUCTS_DIR}/Moya/Moya.framework",
				"${BUILT_PRODUCTS_DIR}/PromiseKit/PromiseKit.framework",
				"${BUILT_PRODUCTS_DIR}/Result/Result.framework",
				"${BUILT_PRODUCTS_DIR}/SwiftyJSON/SwiftyJSON.framework",
			);
			name = "[CP] Embed Pods Frameworks";
			outputPaths = (
				"${TARGET_BUILD_DIR}/${FRAMEWORKS_FOLDER_PATH}/Alamofire.framework",
				"${TARGET_BUILD_DIR}/${FRAMEWORKS_FOLDER_PATH}/Moya.framework",
				"${TARGET_BUILD_DIR}/${FRAMEWORKS_FOLDER_PATH}/PromiseKit.framework",
				"${TARGET_BUILD_DIR}/${FRAMEWORKS_FOLDER_PATH}/Result.framework",
				"${TARGET_BUILD_DIR}/${FRAMEWORKS_FOLDER_PATH}/SwiftyJSON.framework",
			);
			runOnlyForDeploymentPostprocessing = 0;
			shellPath = /bin/sh;
			shellScript = "\"${SRCROOT}/Pods/Target Support Files/Pods-Cryptogret/Pods-Cryptogret-frameworks.sh\"\n";
			showEnvVarsInLog = 0;
		};
		C74DEFF0184F8D282CA68D6E /* [CP] Check Pods Manifest.lock */ = {
			isa = PBXShellScriptBuildPhase;
			buildActionMask = 2147483647;
			files = (
			);
			inputPaths = (
				"${PODS_PODFILE_DIR_PATH}/Podfile.lock",
				"${PODS_ROOT}/Manifest.lock",
			);
			name = "[CP] Check Pods Manifest.lock";
			outputPaths = (
				"$(DERIVED_FILE_DIR)/Pods-Cryptogret-checkManifestLockResult.txt",
			);
			runOnlyForDeploymentPostprocessing = 0;
			shellPath = /bin/sh;
			shellScript = "diff \"${PODS_PODFILE_DIR_PATH}/Podfile.lock\" \"${PODS_ROOT}/Manifest.lock\" > /dev/null\nif [ $? != 0 ] ; then\n    # print error to STDERR\n    echo \"error: The sandbox is not in sync with the Podfile.lock. Run 'pod install' or update your CocoaPods installation.\" >&2\n    exit 1\nfi\n# This output is used by Xcode 'outputs' to avoid re-running this script phase.\necho \"SUCCESS\" > \"${SCRIPT_OUTPUT_FILE_0}\"\n";
			showEnvVarsInLog = 0;
		};
/* End PBXShellScriptBuildPhase section */

/* Begin PBXSourcesBuildPhase section */
		638775B0206A76A30082D5A5 /* Sources */ = {
			isa = PBXSourcesBuildPhase;
			buildActionMask = 2147483647;
			files = (
				633B0E74206CF4EF00070811 /* ResultViewController.swift in Sources */,
				638775BA206A76A30082D5A5 /* ViewController.swift in Sources */,
				638775B8206A76A30082D5A5 /* AppDelegate.swift in Sources */,
				638775D3206A9D010082D5A5 /* API.swift in Sources */,
				638775CB206A78820082D5A5 /* CryptoCompareAPI.swift in Sources */,
			);
			runOnlyForDeploymentPostprocessing = 0;
		};
/* End PBXSourcesBuildPhase section */

/* Begin PBXVariantGroup section */
		638775BB206A76A30082D5A5 /* Main.storyboard */ = {
			isa = PBXVariantGroup;
			children = (
				638775BC206A76A30082D5A5 /* Base */,
			);
			name = Main.storyboard;
			sourceTree = "<group>";
		};
		638775C0206A76A30082D5A5 /* LaunchScreen.storyboard */ = {
			isa = PBXVariantGroup;
			children = (
				638775C1206A76A30082D5A5 /* Base */,
			);
			name = LaunchScreen.storyboard;
			sourceTree = "<group>";
		};
/* End PBXVariantGroup section */

/* Begin XCBuildConfiguration section */
		638775C4206A76A30082D5A5 /* Debug */ = {
			isa = XCBuildConfiguration;
			buildSettings = {
				ALWAYS_SEARCH_USER_PATHS = NO;
				CLANG_ANALYZER_NONNULL = YES;
				CLANG_ANALYZER_NUMBER_OBJECT_CONVERSION = YES_AGGRESSIVE;
				CLANG_CXX_LANGUAGE_STANDARD = "gnu++14";
				CLANG_CXX_LIBRARY = "libc++";
				CLANG_ENABLE_MODULES = YES;
				CLANG_ENABLE_OBJC_ARC = YES;
				CLANG_WARN_BLOCK_CAPTURE_AUTORELEASING = YES;
				CLANG_WARN_BOOL_CONVERSION = YES;
				CLANG_WARN_COMMA = YES;
				CLANG_WARN_CONSTANT_CONVERSION = YES;
				CLANG_WARN_DIRECT_OBJC_ISA_USAGE = YES_ERROR;
				CLANG_WARN_DOCUMENTATION_COMMENTS = YES;
				CLANG_WARN_EMPTY_BODY = YES;
				CLANG_WARN_ENUM_CONVERSION = YES;
				CLANG_WARN_INFINITE_RECURSION = YES;
				CLANG_WARN_INT_CONVERSION = YES;
				CLANG_WARN_NON_LITERAL_NULL_CONVERSION = YES;
				CLANG_WARN_OBJC_LITERAL_CONVERSION = YES;
				CLANG_WARN_OBJC_ROOT_CLASS = YES_ERROR;
				CLANG_WARN_RANGE_LOOP_ANALYSIS = YES;
				CLANG_WARN_STRICT_PROTOTYPES = YES;
				CLANG_WARN_SUSPICIOUS_MOVE = YES;
				CLANG_WARN_UNGUARDED_AVAILABILITY = YES_AGGRESSIVE;
				CLANG_WARN_UNREACHABLE_CODE = YES;
				CLANG_WARN__DUPLICATE_METHOD_MATCH = YES;
				CODE_SIGN_IDENTITY = "iPhone Developer";
				COPY_PHASE_STRIP = NO;
				DEBUG_INFORMATION_FORMAT = dwarf;
				ENABLE_STRICT_OBJC_MSGSEND = YES;
				ENABLE_TESTABILITY = YES;
				GCC_C_LANGUAGE_STANDARD = gnu11;
				GCC_DYNAMIC_NO_PIC = NO;
				GCC_NO_COMMON_BLOCKS = YES;
				GCC_OPTIMIZATION_LEVEL = 0;
				GCC_PREPROCESSOR_DEFINITIONS = (
					"DEBUG=1",
					"$(inherited)",
				);
				GCC_WARN_64_TO_32_BIT_CONVERSION = YES;
				GCC_WARN_ABOUT_RETURN_TYPE = YES_ERROR;
				GCC_WARN_UNDECLARED_SELECTOR = YES;
				GCC_WARN_UNINITIALIZED_AUTOS = YES_AGGRESSIVE;
				GCC_WARN_UNUSED_FUNCTION = YES;
				GCC_WARN_UNUSED_VARIABLE = YES;
				IPHONEOS_DEPLOYMENT_TARGET = 11.2;
				MTL_ENABLE_DEBUG_INFO = YES;
				ONLY_ACTIVE_ARCH = YES;
				SDKROOT = iphoneos;
				SWIFT_ACTIVE_COMPILATION_CONDITIONS = DEBUG;
				SWIFT_OPTIMIZATION_LEVEL = "-Onone";
			};
			name = Debug;
		};
		638775C5206A76A30082D5A5 /* Release */ = {
			isa = XCBuildConfiguration;
			buildSettings = {
				ALWAYS_SEARCH_USER_PATHS = NO;
				CLANG_ANALYZER_NONNULL = YES;
				CLANG_ANALYZER_NUMBER_OBJECT_CONVERSION = YES_AGGRESSIVE;
				CLANG_CXX_LANGUAGE_STANDARD = "gnu++14";
				CLANG_CXX_LIBRARY = "libc++";
				CLANG_ENABLE_MODULES = YES;
				CLANG_ENABLE_OBJC_ARC = YES;
				CLANG_WARN_BLOCK_CAPTURE_AUTORELEASING = YES;
				CLANG_WARN_BOOL_CONVERSION = YES;
				CLANG_WARN_COMMA = YES;
				CLANG_WARN_CONSTANT_CONVERSION = YES;
				CLANG_WARN_DIRECT_OBJC_ISA_USAGE = YES_ERROR;
				CLANG_WARN_DOCUMENTATION_COMMENTS = YES;
				CLANG_WARN_EMPTY_BODY = YES;
				CLANG_WARN_ENUM_CONVERSION = YES;
				CLANG_WARN_INFINITE_RECURSION = YES;
				CLANG_WARN_INT_CONVERSION = YES;
				CLANG_WARN_NON_LITERAL_NULL_CONVERSION = YES;
				CLANG_WARN_OBJC_LITERAL_CONVERSION = YES;
				CLANG_WARN_OBJC_ROOT_CLASS = YES_ERROR;
				CLANG_WARN_RANGE_LOOP_ANALYSIS = YES;
				CLANG_WARN_STRICT_PROTOTYPES = YES;
				CLANG_WARN_SUSPICIOUS_MOVE = YES;
				CLANG_WARN_UNGUARDED_AVAILABILITY = YES_AGGRESSIVE;
				CLANG_WARN_UNREACHABLE_CODE = YES;
				CLANG_WARN__DUPLICATE_METHOD_MATCH = YES;
				CODE_SIGN_IDENTITY = "iPhone Developer";
				COPY_PHASE_STRIP = NO;
				DEBUG_INFORMATION_FORMAT = "dwarf-with-dsym";
				ENABLE_NS_ASSERTIONS = NO;
				ENABLE_STRICT_OBJC_MSGSEND = YES;
				GCC_C_LANGUAGE_STANDARD = gnu11;
				GCC_NO_COMMON_BLOCKS = YES;
				GCC_WARN_64_TO_32_BIT_CONVERSION = YES;
				GCC_WARN_ABOUT_RETURN_TYPE = YES_ERROR;
				GCC_WARN_UNDECLARED_SELECTOR = YES;
				GCC_WARN_UNINITIALIZED_AUTOS = YES_AGGRESSIVE;
				GCC_WARN_UNUSED_FUNCTION = YES;
				GCC_WARN_UNUSED_VARIABLE = YES;
				IPHONEOS_DEPLOYMENT_TARGET = 11.2;
				MTL_ENABLE_DEBUG_INFO = NO;
				SDKROOT = iphoneos;
				SWIFT_OPTIMIZATION_LEVEL = "-Owholemodule";
				VALIDATE_PRODUCT = YES;
			};
			name = Release;
		};
		638775C7206A76A30082D5A5 /* Debug */ = {
			isa = XCBuildConfiguration;
			baseConfigurationReference = 31F1E36BF58BB80295AB2CED /* Pods-Cryptogret.debug.xcconfig */;
			buildSettings = {
				ASSETCATALOG_COMPILER_APPICON_NAME = AppIcon;
				CODE_SIGN_STYLE = Automatic;
				DEVELOPMENT_TEAM = S7P43UR5T5;
				INFOPLIST_FILE = Cryptogret/Info.plist;
				LD_RUNPATH_SEARCH_PATHS = "$(inherited) @executable_path/Frameworks";
				PRODUCT_BUNDLE_IDENTIFIER = medder.Cryptogret;
				PRODUCT_NAME = "$(TARGET_NAME)";
				SWIFT_VERSION = 4.0;
				TARGETED_DEVICE_FAMILY = "1,2";
			};
			name = Debug;
		};
		638775C8206A76A30082D5A5 /* Release */ = {
			isa = XCBuildConfiguration;
			baseConfigurationReference = 29ADC58891299E6428B905C1 /* Pods-Cryptogret.release.xcconfig */;
			buildSettings = {
				ASSETCATALOG_COMPILER_APPICON_NAME = AppIcon;
				CODE_SIGN_STYLE = Automatic;
				DEVELOPMENT_TEAM = S7P43UR5T5;
				INFOPLIST_FILE = Cryptogret/Info.plist;
				LD_RUNPATH_SEARCH_PATHS = "$(inherited) @executable_path/Frameworks";
				PRODUCT_BUNDLE_IDENTIFIER = medder.Cryptogret;
				PRODUCT_NAME = "$(TARGET_NAME)";
				SWIFT_VERSION = 4.0;
				TARGETED_DEVICE_FAMILY = "1,2";
			};
			name = Release;
		};
/* End XCBuildConfiguration section */

/* Begin XCConfigurationList section */
		638775AF206A76A30082D5A5 /* Build configuration list for PBXProject "Cryptogret" */ = {
			isa = XCConfigurationList;
			buildConfigurations = (
				638775C4206A76A30082D5A5 /* Debug */,
				638775C5206A76A30082D5A5 /* Release */,
			);
			defaultConfigurationIsVisible = 0;
			defaultConfigurationName = Release;
		};
		638775C6206A76A30082D5A5 /* Build configuration list for PBXNativeTarget "Cryptogret" */ = {
			isa = XCConfigurationList;
			buildConfigurations = (
				638775C7206A76A30082D5A5 /* Debug */,
				638775C8206A76A30082D5A5 /* Release */,
			);
			defaultConfigurationIsVisible = 0;
			defaultConfigurationName = Release;
		};
/* End XCConfigurationList section */
	};
	rootObject = 638775AC206A76A30082D5A5 /* Project object */;
}
